
Microsoft Visual Studio Solution File, Format Version 12.00
# Visual Studio Version 17
VisualStudioVersion = 17.5.33502.453
MinimumVisualStudioVersion = 10.0.40219.1
Project("{FAE04EC0-301F-11D3-BF4B-00C04F79EFBC}") = "WebApplication1", "WebApplication1\WebApplication1.csproj", "{66A9CC5B-9186-4DA9-9EC7-53D49FB080BF}"
EndProject
Global
	GlobalSection(SolutionConfigurationPlatforms) = preSolution
		Debug|Any CPU = Debug|Any CPU
		Release|Any CPU = Release|Any CPU
	EndGlobalSection
	GlobalSection(ProjectConfigurationPlatforms) = postSolution
		{66A9CC5B-9186-4DA9-9EC7-53D49FB080BF}.Debug|Any CPU.ActiveCfg = Debug|Any CPU
		{66A9CC5B-9186-4DA9-9EC7-53D49FB080BF}.Debug|Any CPU.Build.0 = Debug|Any CPU
		{66A9CC5B-9186-4DA9-9EC7-53D49FB080BF}.Release|Any CPU.ActiveCfg = Release|Any CPU
		{66A9CC5B-9186-4DA9-9EC7-53D49FB080BF}.Release|Any CPU.Build.0 = Release|Any CPU
	EndGlobalSection
	GlobalSection(SolutionProperties) = preSolution
		HideSolutionNode = FALSE
	EndGlobalSection
	GlobalSection(ExtensibilityGlobals) = postSolution
		SolutionGuid = {D4DB0561-4BCB-45D1-9792-362D15600BA6}
	EndGlobalSection
EndGlobal
